
Microsoft Visual Studio Solution File, Format Version 12.00
# Visual Studio Version 16
VisualStudioVersion = 16.0.29409.12
MinimumVisualStudioVersion = 10.0.40219.1
Project("{FAE04EC0-301F-11D3-BF4B-00C04F79EFBC}") = "HomeWork20", "HomeWork20.csproj", "{1E7BDD75-DBD4-4EDA-8AA4-CFE8F226943B}"
EndProject
Global
	GlobalSection(SolutionConfigurationPlatforms) = preSolution
		Debug|Any CPU = Debug|Any CPU
		Release|Any CPU = Release|Any CPU
	EndGlobalSection
	GlobalSection(ProjectConfigurationPlatforms) = postSolution
		{1E7BDD75-DBD4-4EDA-8AA4-CFE8F226943B}.Debug|Any CPU.ActiveCfg = Debug|Any CPU
		{1E7BDD75-DBD4-4EDA-8AA4-CFE8F226943B}.Debug|Any CPU.Build.0 = Debug|Any CPU
		{1E7BDD75-DBD4-4EDA-8AA4-CFE8F226943B}.Release|Any CPU.ActiveCfg = Release|Any CPU
		{1E7BDD75-DBD4-4EDA-8AA4-CFE8F226943B}.Release|Any CPU.Build.0 = Release|Any CPU
	EndGlobalSection
	GlobalSection(SolutionProperties) = preSolution
		HideSolutionNode = FALSE
	EndGlobalSection
	GlobalSection(ExtensibilityGlobals) = postSolution
		SolutionGuid = {0A0D33D5-1304-43ED-9E5B-1F47A6A4AEB1}
	EndGlobalSection
EndGlobal
