
Microsoft Visual Studio Solution File, Format Version 12.00
# Visual Studio Version 16
VisualStudioVersion = 16.0.29201.188
MinimumVisualStudioVersion = 10.0.40219.1
Project("{FAE04EC0-301F-11D3-BF4B-00C04F79EFBC}") = "Skier_console", "Skier_console\Skier_console.csproj", "{2E7E907D-B3C2-4E3D-A7CF-CA5220A5B274}"
EndProject
Project("{FAE04EC0-301F-11D3-BF4B-00C04F79EFBC}") = "Skier_lib", "Skier_lib\Skier_lib.csproj", "{8376EB0B-3428-48E7-8A1C-B32E69DFD257}"
EndProject
Project("{FAE04EC0-301F-11D3-BF4B-00C04F79EFBC}") = "Skier_MVC", "Skier_MVC\Skier_MVC.csproj", "{B61DCE1E-B610-447F-9D46-708C3DC82752}"
EndProject
Global
	GlobalSection(SolutionConfigurationPlatforms) = preSolution
		Debug|Any CPU = Debug|Any CPU
		Release|Any CPU = Release|Any CPU
	EndGlobalSection
	GlobalSection(ProjectConfigurationPlatforms) = postSolution
		{2E7E907D-B3C2-4E3D-A7CF-CA5220A5B274}.Debug|Any CPU.ActiveCfg = Debug|Any CPU
		{2E7E907D-B3C2-4E3D-A7CF-CA5220A5B274}.Debug|Any CPU.Build.0 = Debug|Any CPU
		{2E7E907D-B3C2-4E3D-A7CF-CA5220A5B274}.Release|Any CPU.ActiveCfg = Release|Any CPU
		{2E7E907D-B3C2-4E3D-A7CF-CA5220A5B274}.Release|Any CPU.Build.0 = Release|Any CPU
		{8376EB0B-3428-48E7-8A1C-B32E69DFD257}.Debug|Any CPU.ActiveCfg = Debug|Any CPU
		{8376EB0B-3428-48E7-8A1C-B32E69DFD257}.Debug|Any CPU.Build.0 = Debug|Any CPU
		{8376EB0B-3428-48E7-8A1C-B32E69DFD257}.Release|Any CPU.ActiveCfg = Release|Any CPU
		{8376EB0B-3428-48E7-8A1C-B32E69DFD257}.Release|Any CPU.Build.0 = Release|Any CPU
		{B61DCE1E-B610-447F-9D46-708C3DC82752}.Debug|Any CPU.ActiveCfg = Debug|Any CPU
		{B61DCE1E-B610-447F-9D46-708C3DC82752}.Debug|Any CPU.Build.0 = Debug|Any CPU
		{B61DCE1E-B610-447F-9D46-708C3DC82752}.Release|Any CPU.ActiveCfg = Release|Any CPU
		{B61DCE1E-B610-447F-9D46-708C3DC82752}.Release|Any CPU.Build.0 = Release|Any CPU
	EndGlobalSection
	GlobalSection(SolutionProperties) = preSolution
		HideSolutionNode = FALSE
	EndGlobalSection
	GlobalSection(ExtensibilityGlobals) = postSolution
		SolutionGuid = {8B3FF100-EF8B-40E0-B597-A30BFFDB4507}
	EndGlobalSection
EndGlobal
