
Microsoft Visual Studio Solution File, Format Version 12.00
# Visual Studio Version 16
VisualStudioVersion = 16.0.29324.140
MinimumVisualStudioVersion = 10.0.40219.1
Project("{FAE04EC0-301F-11D3-BF4B-00C04F79EFBC}") = "HomeWork18", "HomeWork18.csproj", "{BE53EE4A-7E18-4393-BD2F-506F13975E54}"
EndProject
Global
	GlobalSection(SolutionConfigurationPlatforms) = preSolution
		Debug|Any CPU = Debug|Any CPU
		Release|Any CPU = Release|Any CPU
	EndGlobalSection
	GlobalSection(ProjectConfigurationPlatforms) = postSolution
		{BE53EE4A-7E18-4393-BD2F-506F13975E54}.Debug|Any CPU.ActiveCfg = Debug|Any CPU
		{BE53EE4A-7E18-4393-BD2F-506F13975E54}.Debug|Any CPU.Build.0 = Debug|Any CPU
		{BE53EE4A-7E18-4393-BD2F-506F13975E54}.Release|Any CPU.ActiveCfg = Release|Any CPU
		{BE53EE4A-7E18-4393-BD2F-506F13975E54}.Release|Any CPU.Build.0 = Release|Any CPU
	EndGlobalSection
	GlobalSection(SolutionProperties) = preSolution
		HideSolutionNode = FALSE
	EndGlobalSection
	GlobalSection(ExtensibilityGlobals) = postSolution
		SolutionGuid = {C4E770C6-5EE2-4B46-91CC-553FF8DAA35C}
	EndGlobalSection
EndGlobal
