
Microsoft Visual Studio Solution File, Format Version 12.00
# Visual Studio Version 16
VisualStudioVersion = 16.0.29201.188
MinimumVisualStudioVersion = 10.0.40219.1
Project("{FAE04EC0-301F-11D3-BF4B-00C04F79EFBC}") = "Array_Console", "Array_Console\Array_Console.csproj", "{4B4250EE-BFFE-4007-97DC-7A1A3CDFD157}"
EndProject
Project("{FAE04EC0-301F-11D3-BF4B-00C04F79EFBC}") = "Array_Lib", "Array_Lib\Array_Lib.csproj", "{6B096C8E-C926-43EE-AE5F-4BCD76D31921}"
EndProject
Project("{FAE04EC0-301F-11D3-BF4B-00C04F79EFBC}") = "Array_MVC", "Array_MVC\Array_MVC.csproj", "{16A4FA7A-856B-49AC-A8DB-B2723A978A6A}"
EndProject
Global
	GlobalSection(SolutionConfigurationPlatforms) = preSolution
		Debug|Any CPU = Debug|Any CPU
		Release|Any CPU = Release|Any CPU
	EndGlobalSection
	GlobalSection(ProjectConfigurationPlatforms) = postSolution
		{4B4250EE-BFFE-4007-97DC-7A1A3CDFD157}.Debug|Any CPU.ActiveCfg = Debug|Any CPU
		{4B4250EE-BFFE-4007-97DC-7A1A3CDFD157}.Debug|Any CPU.Build.0 = Debug|Any CPU
		{4B4250EE-BFFE-4007-97DC-7A1A3CDFD157}.Release|Any CPU.ActiveCfg = Release|Any CPU
		{4B4250EE-BFFE-4007-97DC-7A1A3CDFD157}.Release|Any CPU.Build.0 = Release|Any CPU
		{6B096C8E-C926-43EE-AE5F-4BCD76D31921}.Debug|Any CPU.ActiveCfg = Debug|Any CPU
		{6B096C8E-C926-43EE-AE5F-4BCD76D31921}.Debug|Any CPU.Build.0 = Debug|Any CPU
		{6B096C8E-C926-43EE-AE5F-4BCD76D31921}.Release|Any CPU.ActiveCfg = Release|Any CPU
		{6B096C8E-C926-43EE-AE5F-4BCD76D31921}.Release|Any CPU.Build.0 = Release|Any CPU
		{16A4FA7A-856B-49AC-A8DB-B2723A978A6A}.Debug|Any CPU.ActiveCfg = Debug|Any CPU
		{16A4FA7A-856B-49AC-A8DB-B2723A978A6A}.Debug|Any CPU.Build.0 = Debug|Any CPU
		{16A4FA7A-856B-49AC-A8DB-B2723A978A6A}.Release|Any CPU.ActiveCfg = Release|Any CPU
		{16A4FA7A-856B-49AC-A8DB-B2723A978A6A}.Release|Any CPU.Build.0 = Release|Any CPU
	EndGlobalSection
	GlobalSection(SolutionProperties) = preSolution
		HideSolutionNode = FALSE
	EndGlobalSection
	GlobalSection(ExtensibilityGlobals) = postSolution
		SolutionGuid = {9E3B2D2F-5F4A-4F28-BB95-03F0C838A39F}
	EndGlobalSection
EndGlobal
